
Microsoft Visual Studio Solution File, Format Version 12.00
# Visual Studio Version 17
VisualStudioVersion = 17.0.32112.339
MinimumVisualStudioVersion = 10.0.40219.1
Project("{FAE04EC0-301F-11D3-BF4B-00C04F79EFBC}") = "Calculator", "Calculator\Calculator.csproj", "{95433CCD-6EE1-4B63-9790-F95970AEFBE4}"
EndProject
Project("{FAE04EC0-301F-11D3-BF4B-00C04F79EFBC}") = "Calculator.Test.Unit", "Calculator.Test.Unit\Calculator.Test.Unit.csproj", "{A4F9F198-A25B-426A-B93E-85F08270EEC5}"
EndProject
Global
	GlobalSection(SolutionConfigurationPlatforms) = preSolution
		Debug|Any CPU = Debug|Any CPU
		Release|Any CPU = Release|Any CPU
	EndGlobalSection
	GlobalSection(ProjectConfigurationPlatforms) = postSolution
		{95433CCD-6EE1-4B63-9790-F95970AEFBE4}.Debug|Any CPU.ActiveCfg = Debug|Any CPU
		{95433CCD-6EE1-4B63-9790-F95970AEFBE4}.Debug|Any CPU.Build.0 = Debug|Any CPU
		{95433CCD-6EE1-4B63-9790-F95970AEFBE4}.Release|Any CPU.ActiveCfg = Release|Any CPU
		{95433CCD-6EE1-4B63-9790-F95970AEFBE4}.Release|Any CPU.Build.0 = Release|Any CPU
		{A4F9F198-A25B-426A-B93E-85F08270EEC5}.Debug|Any CPU.ActiveCfg = Debug|Any CPU
		{A4F9F198-A25B-426A-B93E-85F08270EEC5}.Debug|Any CPU.Build.0 = Debug|Any CPU
		{A4F9F198-A25B-426A-B93E-85F08270EEC5}.Release|Any CPU.ActiveCfg = Release|Any CPU
		{A4F9F198-A25B-426A-B93E-85F08270EEC5}.Release|Any CPU.Build.0 = Release|Any CPU
	EndGlobalSection
	GlobalSection(SolutionProperties) = preSolution
		HideSolutionNode = FALSE
	EndGlobalSection
	GlobalSection(ExtensibilityGlobals) = postSolution
		SolutionGuid = {FDA78A0D-5E41-40B3-867E-9B877F8866AB}
	EndGlobalSection
EndGlobal
